
Microsoft Visual Studio Solution File, Format Version 12.00
# Visual Studio 15
VisualStudioVersion = 15.0.33529.398
MinimumVisualStudioVersion = 10.0.40219.1
Project("{8BC9CEB8-8B4A-11D0-8D11-00A0C91BC942}") = "03 - Base64 Decoding", "03 - Base64 Decoding.vcxproj", "{5AAD7263-58B4-4FF3-A7DF-925679C9FAC0}"
EndProject
Global
	GlobalSection(SolutionConfigurationPlatforms) = preSolution
		Debug|x64 = Debug|x64
		Debug|x86 = Debug|x86
		Release|x64 = Release|x64
		Release|x86 = Release|x86
	EndGlobalSection
	GlobalSection(ProjectConfigurationPlatforms) = postSolution
		{5AAD7263-58B4-4FF3-A7DF-925679C9FAC0}.Debug|x64.ActiveCfg = Debug|x64
		{5AAD7263-58B4-4FF3-A7DF-925679C9FAC0}.Debug|x64.Build.0 = Debug|x64
		{5AAD7263-58B4-4FF3-A7DF-925679C9FAC0}.Debug|x86.ActiveCfg = Debug|Win32
		{5AAD7263-58B4-4FF3-A7DF-925679C9FAC0}.Debug|x86.Build.0 = Debug|Win32
		{5AAD7263-58B4-4FF3-A7DF-925679C9FAC0}.Release|x64.ActiveCfg = Release|x64
		{5AAD7263-58B4-4FF3-A7DF-925679C9FAC0}.Release|x64.Build.0 = Release|x64
		{5AAD7263-58B4-4FF3-A7DF-925679C9FAC0}.Release|x86.ActiveCfg = Release|Win32
		{5AAD7263-58B4-4FF3-A7DF-925679C9FAC0}.Release|x86.Build.0 = Release|Win32
	EndGlobalSection
	GlobalSection(SolutionProperties) = preSolution
		HideSolutionNode = FALSE
	EndGlobalSection
	GlobalSection(ExtensibilityGlobals) = postSolution
		SolutionGuid = {ADAA5ECC-C02C-4B33-B2EE-E03175800D7E}
	EndGlobalSection
EndGlobal
