
Microsoft Visual Studio Solution File, Format Version 12.00
# Visual Studio 15
VisualStudioVersion = 15.0.33529.398
MinimumVisualStudioVersion = 10.0.40219.1
Project("{8BC9CEB8-8B4A-11D0-8D11-00A0C91BC942}") = "09 - Huffdiff", "09 - Huffdiff.vcxproj", "{DD387CA0-FD04-4709-96BC-F3AC35410927}"
EndProject
Global
	GlobalSection(SolutionConfigurationPlatforms) = preSolution
		Debug|x64 = Debug|x64
		Debug|x86 = Debug|x86
		Release|x64 = Release|x64
		Release|x86 = Release|x86
	EndGlobalSection
	GlobalSection(ProjectConfigurationPlatforms) = postSolution
		{DD387CA0-FD04-4709-96BC-F3AC35410927}.Debug|x64.ActiveCfg = Debug|x64
		{DD387CA0-FD04-4709-96BC-F3AC35410927}.Debug|x64.Build.0 = Debug|x64
		{DD387CA0-FD04-4709-96BC-F3AC35410927}.Debug|x86.ActiveCfg = Debug|Win32
		{DD387CA0-FD04-4709-96BC-F3AC35410927}.Debug|x86.Build.0 = Debug|Win32
		{DD387CA0-FD04-4709-96BC-F3AC35410927}.Release|x64.ActiveCfg = Release|x64
		{DD387CA0-FD04-4709-96BC-F3AC35410927}.Release|x64.Build.0 = Release|x64
		{DD387CA0-FD04-4709-96BC-F3AC35410927}.Release|x86.ActiveCfg = Release|Win32
		{DD387CA0-FD04-4709-96BC-F3AC35410927}.Release|x86.Build.0 = Release|Win32
	EndGlobalSection
	GlobalSection(SolutionProperties) = preSolution
		HideSolutionNode = FALSE
	EndGlobalSection
	GlobalSection(ExtensibilityGlobals) = postSolution
		SolutionGuid = {BB61099A-4F84-46DF-BFB1-6E5BC5D63D51}
	EndGlobalSection
EndGlobal
