
Microsoft Visual Studio Solution File, Format Version 12.00
# Visual Studio 15
VisualStudioVersion = 15.0.33423.255
MinimumVisualStudioVersion = 10.0.40219.1
Project("{8BC9CEB8-8B4A-11D0-8D11-00A0C91BC942}") = "07 - Huffman1", "07 - Huffman1.vcxproj", "{A98B11F0-E6A9-48D8-A893-089BED18E125}"
EndProject
Global
	GlobalSection(SolutionConfigurationPlatforms) = preSolution
		Debug|x64 = Debug|x64
		Debug|x86 = Debug|x86
		Release|x64 = Release|x64
		Release|x86 = Release|x86
	EndGlobalSection
	GlobalSection(ProjectConfigurationPlatforms) = postSolution
		{A98B11F0-E6A9-48D8-A893-089BED18E125}.Debug|x64.ActiveCfg = Debug|x64
		{A98B11F0-E6A9-48D8-A893-089BED18E125}.Debug|x64.Build.0 = Debug|x64
		{A98B11F0-E6A9-48D8-A893-089BED18E125}.Debug|x86.ActiveCfg = Debug|Win32
		{A98B11F0-E6A9-48D8-A893-089BED18E125}.Debug|x86.Build.0 = Debug|Win32
		{A98B11F0-E6A9-48D8-A893-089BED18E125}.Release|x64.ActiveCfg = Release|x64
		{A98B11F0-E6A9-48D8-A893-089BED18E125}.Release|x64.Build.0 = Release|x64
		{A98B11F0-E6A9-48D8-A893-089BED18E125}.Release|x86.ActiveCfg = Release|Win32
		{A98B11F0-E6A9-48D8-A893-089BED18E125}.Release|x86.Build.0 = Release|Win32
	EndGlobalSection
	GlobalSection(SolutionProperties) = preSolution
		HideSolutionNode = FALSE
	EndGlobalSection
	GlobalSection(ExtensibilityGlobals) = postSolution
		SolutionGuid = {990EB515-9D1D-4714-8BA3-5F5BB39D8BEB}
	EndGlobalSection
EndGlobal
