
Microsoft Visual Studio Solution File, Format Version 12.00
# Visual Studio 15
VisualStudioVersion = 15.0.33423.255
MinimumVisualStudioVersion = 10.0.40219.1
Project("{8BC9CEB8-8B4A-11D0-8D11-00A0C91BC942}") = "09 - PCX", "09 - PCX.vcxproj", "{19C12C16-E134-4C50-B51B-8D7AA4DF757E}"
EndProject
Global
	GlobalSection(SolutionConfigurationPlatforms) = preSolution
		Debug|x64 = Debug|x64
		Debug|x86 = Debug|x86
		Release|x64 = Release|x64
		Release|x86 = Release|x86
	EndGlobalSection
	GlobalSection(ProjectConfigurationPlatforms) = postSolution
		{19C12C16-E134-4C50-B51B-8D7AA4DF757E}.Debug|x64.ActiveCfg = Debug|x64
		{19C12C16-E134-4C50-B51B-8D7AA4DF757E}.Debug|x64.Build.0 = Debug|x64
		{19C12C16-E134-4C50-B51B-8D7AA4DF757E}.Debug|x86.ActiveCfg = Debug|Win32
		{19C12C16-E134-4C50-B51B-8D7AA4DF757E}.Debug|x86.Build.0 = Debug|Win32
		{19C12C16-E134-4C50-B51B-8D7AA4DF757E}.Release|x64.ActiveCfg = Release|x64
		{19C12C16-E134-4C50-B51B-8D7AA4DF757E}.Release|x64.Build.0 = Release|x64
		{19C12C16-E134-4C50-B51B-8D7AA4DF757E}.Release|x86.ActiveCfg = Release|Win32
		{19C12C16-E134-4C50-B51B-8D7AA4DF757E}.Release|x86.Build.0 = Release|Win32
	EndGlobalSection
	GlobalSection(SolutionProperties) = preSolution
		HideSolutionNode = FALSE
	EndGlobalSection
	GlobalSection(ExtensibilityGlobals) = postSolution
		SolutionGuid = {B9C130CA-DAD2-4E8C-8DBF-188A2DD8022E}
	EndGlobalSection
EndGlobal
